
Microsoft Visual Studio Solution File, Format Version 12.00
# Visual Studio Version 17
VisualStudioVersion = 17.3.32922.545
MinimumVisualStudioVersion = 10.0.40219.1
Project("{8BC9CEB8-8B4A-11D0-8D11-00A0C91BC942}") = "Lab5", "Lab5.vcxproj", "{8B45CBB5-036F-4A0C-849B-6288AEF7D8AC}"
EndProject
Project("{8BC9CEB8-8B4A-11D0-8D11-00A0C91BC942}") = "P1", "P1\P1.vcxproj", "{4F458788-7549-4822-8A28-7CBBCB5C65F4}"
EndProject
Project("{8BC9CEB8-8B4A-11D0-8D11-00A0C91BC942}") = "P2", "P2\P2.vcxproj", "{1B72A0F0-E98B-4C0B-83D3-84C9A58940C9}"
EndProject
Project("{8BC9CEB8-8B4A-11D0-8D11-00A0C91BC942}") = "P3", "P3\P3.vcxproj", "{86CE6D4A-A7A3-416F-8005-79FFCE5131FC}"
EndProject
Global
	GlobalSection(SolutionConfigurationPlatforms) = preSolution
		Debug|x64 = Debug|x64
		Debug|x86 = Debug|x86
		Release|x64 = Release|x64
		Release|x86 = Release|x86
	EndGlobalSection
	GlobalSection(ProjectConfigurationPlatforms) = postSolution
		{8B45CBB5-036F-4A0C-849B-6288AEF7D8AC}.Debug|x64.ActiveCfg = Debug|x64
		{8B45CBB5-036F-4A0C-849B-6288AEF7D8AC}.Debug|x64.Build.0 = Debug|x64
		{8B45CBB5-036F-4A0C-849B-6288AEF7D8AC}.Debug|x86.ActiveCfg = Debug|Win32
		{8B45CBB5-036F-4A0C-849B-6288AEF7D8AC}.Debug|x86.Build.0 = Debug|Win32
		{8B45CBB5-036F-4A0C-849B-6288AEF7D8AC}.Release|x64.ActiveCfg = Release|x64
		{8B45CBB5-036F-4A0C-849B-6288AEF7D8AC}.Release|x64.Build.0 = Release|x64
		{8B45CBB5-036F-4A0C-849B-6288AEF7D8AC}.Release|x86.ActiveCfg = Release|Win32
		{8B45CBB5-036F-4A0C-849B-6288AEF7D8AC}.Release|x86.Build.0 = Release|Win32
		{4F458788-7549-4822-8A28-7CBBCB5C65F4}.Debug|x64.ActiveCfg = Debug|x64
		{4F458788-7549-4822-8A28-7CBBCB5C65F4}.Debug|x64.Build.0 = Debug|x64
		{4F458788-7549-4822-8A28-7CBBCB5C65F4}.Debug|x86.ActiveCfg = Debug|Win32
		{4F458788-7549-4822-8A28-7CBBCB5C65F4}.Debug|x86.Build.0 = Debug|Win32
		{4F458788-7549-4822-8A28-7CBBCB5C65F4}.Release|x64.ActiveCfg = Release|x64
		{4F458788-7549-4822-8A28-7CBBCB5C65F4}.Release|x64.Build.0 = Release|x64
		{4F458788-7549-4822-8A28-7CBBCB5C65F4}.Release|x86.ActiveCfg = Release|Win32
		{4F458788-7549-4822-8A28-7CBBCB5C65F4}.Release|x86.Build.0 = Release|Win32
		{1B72A0F0-E98B-4C0B-83D3-84C9A58940C9}.Debug|x64.ActiveCfg = Debug|x64
		{1B72A0F0-E98B-4C0B-83D3-84C9A58940C9}.Debug|x64.Build.0 = Debug|x64
		{1B72A0F0-E98B-4C0B-83D3-84C9A58940C9}.Debug|x86.ActiveCfg = Debug|Win32
		{1B72A0F0-E98B-4C0B-83D3-84C9A58940C9}.Debug|x86.Build.0 = Debug|Win32
		{1B72A0F0-E98B-4C0B-83D3-84C9A58940C9}.Release|x64.ActiveCfg = Release|x64
		{1B72A0F0-E98B-4C0B-83D3-84C9A58940C9}.Release|x64.Build.0 = Release|x64
		{1B72A0F0-E98B-4C0B-83D3-84C9A58940C9}.Release|x86.ActiveCfg = Release|Win32
		{1B72A0F0-E98B-4C0B-83D3-84C9A58940C9}.Release|x86.Build.0 = Release|Win32
		{86CE6D4A-A7A3-416F-8005-79FFCE5131FC}.Debug|x64.ActiveCfg = Debug|x64
		{86CE6D4A-A7A3-416F-8005-79FFCE5131FC}.Debug|x64.Build.0 = Debug|x64
		{86CE6D4A-A7A3-416F-8005-79FFCE5131FC}.Debug|x86.ActiveCfg = Debug|Win32
		{86CE6D4A-A7A3-416F-8005-79FFCE5131FC}.Debug|x86.Build.0 = Debug|Win32
		{86CE6D4A-A7A3-416F-8005-79FFCE5131FC}.Release|x64.ActiveCfg = Release|x64
		{86CE6D4A-A7A3-416F-8005-79FFCE5131FC}.Release|x64.Build.0 = Release|x64
		{86CE6D4A-A7A3-416F-8005-79FFCE5131FC}.Release|x86.ActiveCfg = Release|Win32
		{86CE6D4A-A7A3-416F-8005-79FFCE5131FC}.Release|x86.Build.0 = Release|Win32
	EndGlobalSection
	GlobalSection(SolutionProperties) = preSolution
		HideSolutionNode = FALSE
	EndGlobalSection
	GlobalSection(ExtensibilityGlobals) = postSolution
		SolutionGuid = {2E7EE945-AC23-4853-9AA9-D0C63DD55A04}
	EndGlobalSection
EndGlobal
